// !$*UTF8*$!
{
	archiveVersion = 1;
	classes = {
	};
	objectVersion = 77;
	objects = {

/* Begin PBXContainerItemProxy section */
		7F3212972D21DE88008DDFF4 /* PBXContainerItemProxy */ = {
			isa = PBXContainerItemProxy;
			containerPortal = 7F32127E2D21DE82008DDFF4 /* Project object */;
			proxyType = 1;
			remoteGlobalIDString = 7F3212852D21DE82008DDFF4;
			remoteInfo = ChallengeOne;
		};
		7F3212A12D21DE88008DDFF4 /* PBXContainerItemProxy */ = {
			isa = PBXContainerItemProxy;
			containerPortal = 7F32127E2D21DE82008DDFF4 /* Project object */;
			proxyType = 1;
			remoteGlobalIDString = 7F3212852D21DE82008DDFF4;
			remoteInfo = ChallengeOne;
		};
/* End PBXContainerItemProxy section */

/* Begin PBXFileReference section */
		7F3212862D21DE82008DDFF4 /* ChallengeOne.app */ = {isa = PBXFileReference; explicitFileType = wrapper.application; includeInIndex = 0; path = ChallengeOne.app; sourceTree = BUILT_PRODUCTS_DIR; };
		7F3212962D21DE88008DDFF4 /* ChallengeOneTests.xctest */ = {isa = PBXFileReference; explicitFileType = wrapper.cfbundle; includeInIndex = 0; path = ChallengeOneTests.xctest; sourceTree = BUILT_PRODUCTS_DIR; };
		7F3212A02D21DE88008DDFF4 /* ChallengeOneUITests.xctest */ = {isa = PBXFileReference; explicitFileType = wrapper.cfbundle; includeInIndex = 0; path = ChallengeOneUITests.xctest; sourceTree = BUILT_PRODUCTS_DIR; };
/* End PBXFileReference section */

/* Begin PBXFileSystemSynchronizedRootGroup section */
		7F3212882D21DE82008DDFF4 /* ChallengeOne */ = {
			isa = PBXFileSystemSynchronizedRootGroup;
			path = ChallengeOne;
			sourceTree = "<group>";
		};
		7F3212992D21DE88008DDFF4 /* ChallengeOneTests */ = {
			isa = PBXFileSystemSynchronizedRootGroup;
			path = ChallengeOneTests;
			sourceTree = "<group>";
		};
		7F3212A32D21DE88008DDFF4 /* ChallengeOneUITests */ = {
			isa = PBXFileSystemSynchronizedRootGroup;
			path = ChallengeOneUITests;
			sourceTree = "<group>";
		};
/* End PBXFileSystemSynchronizedRootGroup section */

/* Begin PBXFrameworksBuildPhase section */
		7F3212832D21DE82008DDFF4 /* Frameworks */ = {
			isa = PBXFrameworksBuildPhase;
			buildActionMask = 2147483647;
			files = (
			);
			runOnlyForDeploymentPostprocessing = 0;
		};
		7F3212932D21DE88008DDFF4 /* Frameworks */ = {
			isa = PBXFrameworksBuildPhase;
			buildActionMask = 2147483647;
			files = (
			);
			runOnlyForDeploymentPostprocessing = 0;
		};
		7F32129D2D21DE88008DDFF4 /* Frameworks */ = {
			isa = PBXFrameworksBuildPhase;
			buildActionMask = 2147483647;
			files = (
			);
			runOnlyForDeploymentPostprocessing = 0;
		};
/* End PBXFrameworksBuildPhase section */

/* Begin PBXGroup section */
		7F32127D2D21DE82008DDFF4 = {
			isa = PBXGroup;
			children = (
				7F3212882D21DE82008DDFF4 /* ChallengeOne */,
				7F3212992D21DE88008DDFF4 /* ChallengeOneTests */,
				7F3212A32D21DE88008DDFF4 /* ChallengeOneUITests */,
				7F3212872D21DE82008DDFF4 /* Products */,
			);
			sourceTree = "<group>";
		};
		7F3212872D21DE82008DDFF4 /* Products */ = {
			isa = PBXGroup;
			children = (
				7F3212862D21DE82008DDFF4 /* ChallengeOne.app */,
				7F3212962D21DE88008DDFF4 /* ChallengeOneTests.xctest */,
				7F3212A02D21DE88008DDFF4 /* ChallengeOneUITests.xctest */,
			);
			name = Products;
			sourceTree = "<group>";
		};
/* End PBXGroup section */

/* Begin PBXNativeTarget section */
		7F3212852D21DE82008DDFF4 /* ChallengeOne */ = {
			isa = PBXNativeTarget;
			buildConfigurationList = 7F3212AA2D21DE88008DDFF4 /* Build configuration list for PBXNativeTarget "ChallengeOne" */;
			buildPhases = (
				7F3212822D21DE82008DDFF4 /* Sources */,
				7F3212832D21DE82008DDFF4 /* Frameworks */,
				7F3212842D21DE82008DDFF4 /* Resources */,
			);
			buildRules = (
			);
			dependencies = (
			);
			fileSystemSynchronizedGroups = (
				7F3212882D21DE82008DDFF4 /* ChallengeOne */,
			);
			name = ChallengeOne;
			packageProductDependencies = (
			);
			productName = ChallengeOne;
			productReference = 7F3212862D21DE82008DDFF4 /* ChallengeOne.app */;
			productType = "com.apple.product-type.application";
		};
		7F3212952D21DE88008DDFF4 /* ChallengeOneTests */ = {
			isa = PBXNativeTarget;
			buildConfigurationList = 7F3212AD2D21DE88008DDFF4 /* Build configuration list for PBXNativeTarget "ChallengeOneTests" */;
			buildPhases = (
				7F3212922D21DE88008DDFF4 /* Sources */,
				7F3212932D21DE88008DDFF4 /* Frameworks */,
				7F3212942D21DE88008DDFF4 /* Resources */,
			);
			buildRules = (
			);
			dependencies = (
				7F3212982D21DE88008DDFF4 /* PBXTargetDependency */,
			);
			fileSystemSynchronizedGroups = (
				7F3212992D21DE88008DDFF4 /* ChallengeOneTests */,
			);
			name = ChallengeOneTests;
			packageProductDependencies = (
			);
			productName = ChallengeOneTests;
			productReference = 7F3212962D21DE88008DDFF4 /* ChallengeOneTests.xctest */;
			productType = "com.apple.product-type.bundle.unit-test";
		};
		7F32129F2D21DE88008DDFF4 /* ChallengeOneUITests */ = {
			isa = PBXNativeTarget;
			buildConfigurationList = 7F3212B02D21DE88008DDFF4 /* Build configuration list for PBXNativeTarget "ChallengeOneUITests" */;
			buildPhases = (
				7F32129C2D21DE88008DDFF4 /* Sources */,
				7F32129D2D21DE88008DDFF4 /* Frameworks */,
				7F32129E2D21DE88008DDFF4 /* Resources */,
			);
			buildRules = (
			);
			dependencies = (
				7F3212A22D21DE88008DDFF4 /* PBXTargetDependency */,
			);
			fileSystemSynchronizedGroups = (
				7F3212A32D21DE88008DDFF4 /* ChallengeOneUITests */,
			);
			name = ChallengeOneUITests;
			packageProductDependencies = (
			);
			productName = ChallengeOneUITests;
			productReference = 7F3212A02D21DE88008DDFF4 /* ChallengeOneUITests.xctest */;
			productType = "com.apple.product-type.bundle.ui-testing";
		};
/* End PBXNativeTarget section */

/* Begin PBXProject section */
		7F32127E2D21DE82008DDFF4 /* Project object */ = {
			isa = PBXProject;
			attributes = {
				BuildIndependentTargetsInParallel = 1;
				LastSwiftUpdateCheck = 1620;
				LastUpgradeCheck = 1620;
				TargetAttributes = {
					7F3212852D21DE82008DDFF4 = {
						CreatedOnToolsVersion = 16.2;
					};
					7F3212952D21DE88008DDFF4 = {
						CreatedOnToolsVersion = 16.2;
						TestTargetID = 7F3212852D21DE82008DDFF4;
					};
					7F32129F2D21DE88008DDFF4 = {
						CreatedOnToolsVersion = 16.2;
						TestTargetID = 7F3212852D21DE82008DDFF4;
					};
				};
			};
			buildConfigurationList = 7F3212812D21DE82008DDFF4 /* Build configuration list for PBXProject "ChallengeOne" */;
			developmentRegion = en;
			hasScannedForEncodings = 0;
			knownRegions = (
				en,
				Base,
			);
			mainGroup = 7F32127D2D21DE82008DDFF4;
			minimizedProjectReferenceProxies = 1;
			preferredProjectObjectVersion = 77;
			productRefGroup = 7F3212872D21DE82008DDFF4 /* Products */;
			projectDirPath = "";
			projectRoot = "";
			targets = (
				7F3212852D21DE82008DDFF4 /* ChallengeOne */,
				7F3212952D21DE88008DDFF4 /* ChallengeOneTests */,
				7F32129F2D21DE88008DDFF4 /* ChallengeOneUITests */,
			);
		};
/* End PBXProject section */

/* Begin PBXResourcesBuildPhase section */
		7F3212842D21DE82008DDFF4 /* Resources */ = {
			isa = PBXResourcesBuildPhase;
			buildActionMask = 2147483647;
			files = (
			);
			runOnlyForDeploymentPostprocessing = 0;
		};
		7F3212942D21DE88008DDFF4 /* Resources */ = {
			isa = PBXResourcesBuildPhase;
			buildActionMask = 2147483647;
			files = (
			);
			runOnlyForDeploymentPostprocessing = 0;
		};
		7F32129E2D21DE88008DDFF4 /* Resources */ = {
			isa = PBXResourcesBuildPhase;
			buildActionMask = 2147483647;
			files = (
			);
			runOnlyForDeploymentPostprocessing = 0;
		};
/* End PBXResourcesBuildPhase section */

/* Begin PBXSourcesBuildPhase section */
		7F3212822D21DE82008DDFF4 /* Sources */ = {
			isa = PBXSourcesBuildPhase;
			buildActionMask = 2147483647;
			files = (
			);
			runOnlyForDeploymentPostprocessing = 0;
		};
		7F3212922D21DE88008DDFF4 /* Sources */ = {
			isa = PBXSourcesBuildPhase;
			buildActionMask = 2147483647;
			files = (
			);
			runOnlyForDeploymentPostprocessing = 0;
		};
		7F32129C2D21DE88008DDFF4 /* Sources */ = {
			isa = PBXSourcesBuildPhase;
			buildActionMask = 2147483647;
			files = (
			);
			runOnlyForDeploymentPostprocessing = 0;
		};
/* End PBXSourcesBuildPhase section */

/* Begin PBXTargetDependency section */
		7F3212982D21DE88008DDFF4 /* PBXTargetDependency */ = {
			isa = PBXTargetDependency;
			target = 7F3212852D21DE82008DDFF4 /* ChallengeOne */;
			targetProxy = 7F3212972D21DE88008DDFF4 /* PBXContainerItemProxy */;
		};
		7F3212A22D21DE88008DDFF4 /* PBXTargetDependency */ = {
			isa = PBXTargetDependency;
			target = 7F3212852D21DE82008DDFF4 /* ChallengeOne */;
			targetProxy = 7F3212A12D21DE88008DDFF4 /* PBXContainerItemProxy */;
		};
/* End PBXTargetDependency section */

/* Begin XCBuildConfiguration section */
		7F3212A82D21DE88008DDFF4 /* Debug */ = {
			isa = XCBuildConfiguration;
			buildSettings = {
				ALWAYS_SEARCH_USER_PATHS = NO;
				ASSETCATALOG_COMPILER_GENERATE_SWIFT_ASSET_SYMBOL_EXTENSIONS = YES;
				CLANG_ANALYZER_NONNULL = YES;
				CLANG_ANALYZER_NUMBER_OBJECT_CONVERSION = YES_AGGRESSIVE;
				CLANG_CXX_LANGUAGE_STANDARD = "gnu++20";
				CLANG_ENABLE_MODULES = YES;
				CLANG_ENABLE_OBJC_ARC = YES;
				CLANG_ENABLE_OBJC_WEAK = YES;
				CLANG_WARN_BLOCK_CAPTURE_AUTORELEASING = YES;
				CLANG_WARN_BOOL_CONVERSION = YES;
				CLANG_WARN_COMMA = YES;
				CLANG_WARN_CONSTANT_CONVERSION = YES;
				CLANG_WARN_DEPRECATED_OBJC_IMPLEMENTATIONS = YES;
				CLANG_WARN_DIRECT_OBJC_ISA_USAGE = YES_ERROR;
				CLANG_WARN_DOCUMENTATION_COMMENTS = YES;
				CLANG_WARN_EMPTY_BODY = YES;
				CLANG_WARN_ENUM_CONVERSION = YES;
				CLANG_WARN_INFINITE_RECURSION = YES;
				CLANG_WARN_INT_CONVERSION = YES;
				CLANG_WARN_NON_LITERAL_NULL_CONVERSION = YES;
				CLANG_WARN_OBJC_IMPLICIT_RETAIN_SELF = YES;
				CLANG_WARN_OBJC_LITERAL_CONVERSION = YES;
				CLANG_WARN_OBJC_ROOT_CLASS = YES_ERROR;
				CLANG_WARN_QUOTED_INCLUDE_IN_FRAMEWORK_HEADER = YES;
				CLANG_WARN_RANGE_LOOP_ANALYSIS = YES;
				CLANG_WARN_STRICT_PROTOTYPES = YES;
				CLANG_WARN_SUSPICIOUS_MOVE = YES;
				CLANG_WARN_UNGUARDED_AVAILABILITY = YES_AGGRESSIVE;
				CLANG_WARN_UNREACHABLE_CODE = YES;
				CLANG_WARN__DUPLICATE_METHOD_MATCH = YES;
				COPY_PHASE_STRIP = NO;
				DEBUG_INFORMATION_FORMAT = dwarf;
				ENABLE_STRICT_OBJC_MSGSEND = YES;
				ENABLE_TESTABILITY = YES;
				ENABLE_USER_SCRIPT_SANDBOXING = YES;
				GCC_C_LANGUAGE_STANDARD = gnu17;
				GCC_DYNAMIC_NO_PIC = NO;
				GCC_NO_COMMON_BLOCKS = YES;
				GCC_OPTIMIZATION_LEVEL = 0;
				GCC_PREPROCESSOR_DEFINITIONS = (
					"DEBUG=1",
					"$(inherited)",
				);
				GCC_WARN_64_TO_32_BIT_CONVERSION = YES;
				GCC_WARN_ABOUT_RETURN_TYPE = YES_ERROR;
				GCC_WARN_UNDECLARED_SELECTOR = YES;
				GCC_WARN_UNINITIALIZED_AUTOS = YES_AGGRESSIVE;
				GCC_WARN_UNUSED_FUNCTION = YES;
				GCC_WARN_UNUSED_VARIABLE = YES;
				IPHONEOS_DEPLOYMENT_TARGET = 18.2;
				LOCALIZATION_PREFERS_STRING_CATALOGS = YES;
				MTL_ENABLE_DEBUG_INFO = INCLUDE_SOURCE;
				MTL_FAST_MATH = YES;
				ONLY_ACTIVE_ARCH = YES;
				SDKROOT = iphoneos;
				SWIFT_ACTIVE_COMPILATION_CONDITIONS = "DEBUG $(inherited)";
				SWIFT_OPTIMIZATION_LEVEL = "-Onone";
			};
			name = Debug;
		};
		7F3212A92D21DE88008DDFF4 /* Release */ = {
			isa = XCBuildConfiguration;
			buildSettings = {
				ALWAYS_SEARCH_USER_PATHS = NO;
				ASSETCATALOG_COMPILER_GENERATE_SWIFT_ASSET_SYMBOL_EXTENSIONS = YES;
				CLANG_ANALYZER_NONNULL = YES;
				CLANG_ANALYZER_NUMBER_OBJECT_CONVERSION = YES_AGGRESSIVE;
				CLANG_CXX_LANGUAGE_STANDARD = "gnu++20";
				CLANG_ENABLE_MODULES = YES;
				CLANG_ENABLE_OBJC_ARC = YES;
				CLANG_ENABLE_OBJC_WEAK = YES;
				CLANG_WARN_BLOCK_CAPTURE_AUTORELEASING = YES;
				CLANG_WARN_BOOL_CONVERSION = YES;
				CLANG_WARN_COMMA = YES;
				CLANG_WARN_CONSTANT_CONVERSION = YES;
				CLANG_WARN_DEPRECATED_OBJC_IMPLEMENTATIONS = YES;
				CLANG_WARN_DIRECT_OBJC_ISA_USAGE = YES_ERROR;
				CLANG_WARN_DOCUMENTATION_COMMENTS = YES;
				CLANG_WARN_EMPTY_BODY = YES;
				CLANG_WARN_ENUM_CONVERSION = YES;
				CLANG_WARN_INFINITE_RECURSION = YES;
				CLANG_WARN_INT_CONVERSION = YES;
				CLANG_WARN_NON_LITERAL_NULL_CONVERSION = YES;
				CLANG_WARN_OBJC_IMPLICIT_RETAIN_SELF = YES;
				CLANG_WARN_OBJC_LITERAL_CONVERSION = YES;
				CLANG_WARN_OBJC_ROOT_CLASS = YES_ERROR;
				CLANG_WARN_QUOTED_INCLUDE_IN_FRAMEWORK_HEADER = YES;
				CLANG_WARN_RANGE_LOOP_ANALYSIS = YES;
				CLANG_WARN_STRICT_PROTOTYPES = YES;
				CLANG_WARN_SUSPICIOUS_MOVE = YES;
				CLANG_WARN_UNGUARDED_AVAILABILITY = YES_AGGRESSIVE;
				CLANG_WARN_UNREACHABLE_CODE = YES;
				CLANG_WARN__DUPLICATE_METHOD_MATCH = YES;
				COPY_PHASE_STRIP = NO;
				DEBUG_INFORMATION_FORMAT = "dwarf-with-dsym";
				ENABLE_NS_ASSERTIONS = NO;
				ENABLE_STRICT_OBJC_MSGSEND = YES;
				ENABLE_USER_SCRIPT_SANDBOXING = YES;
				GCC_C_LANGUAGE_STANDARD = gnu17;
				GCC_NO_COMMON_BLOCKS = YES;
				GCC_WARN_64_TO_32_BIT_CONVERSION = YES;
				GCC_WARN_ABOUT_RETURN_TYPE = YES_ERROR;
				GCC_WARN_UNDECLARED_SELECTOR = YES;
				GCC_WARN_UNINITIALIZED_AUTOS = YES_AGGRESSIVE;
				GCC_WARN_UNUSED_FUNCTION = YES;
				GCC_WARN_UNUSED_VARIABLE = YES;
				IPHONEOS_DEPLOYMENT_TARGET = 18.2;
				LOCALIZATION_PREFERS_STRING_CATALOGS = YES;
				MTL_ENABLE_DEBUG_INFO = NO;
				MTL_FAST_MATH = YES;
				SDKROOT = iphoneos;
				SWIFT_COMPILATION_MODE = wholemodule;
				VALIDATE_PRODUCT = YES;
			};
			name = Release;
		};
		7F3212AB2D21DE88008DDFF4 /* Debug */ = {
			isa = XCBuildConfiguration;
			buildSettings = {
				ASSETCATALOG_COMPILER_APPICON_NAME = AppIcon;
				ASSETCATALOG_COMPILER_GLOBAL_ACCENT_COLOR_NAME = AccentColor;
				CODE_SIGN_STYLE = Automatic;
				CURRENT_PROJECT_VERSION = 1;
				DEVELOPMENT_ASSET_PATHS = "\"ChallengeOne/Preview Content\"";
				ENABLE_PREVIEWS = YES;
				GENERATE_INFOPLIST_FILE = YES;
				INFOPLIST_KEY_UIApplicationSceneManifest_Generation = YES;
				INFOPLIST_KEY_UIApplicationSupportsIndirectInputEvents = YES;
				INFOPLIST_KEY_UILaunchScreen_Generation = YES;
				INFOPLIST_KEY_UISupportedInterfaceOrientations_iPad = "UIInterfaceOrientationPortrait UIInterfaceOrientationPortraitUpsideDown UIInterfaceOrientationLandscapeLeft UIInterfaceOrientationLandscapeRight";
				INFOPLIST_KEY_UISupportedInterfaceOrientations_iPhone = "UIInterfaceOrientationPortrait UIInterfaceOrientationLandscapeLeft UIInterfaceOrientationLandscapeRight";
				LD_RUNPATH_SEARCH_PATHS = (
					"$(inherited)",
					"@executable_path/Frameworks",
				);
				MARKETING_VERSION = 1.0;
				PRODUCT_BUNDLE_IDENTIFIER = me.jeff.xie.ChallengeOne;
				PRODUCT_NAME = "$(TARGET_NAME)";
				SWIFT_EMIT_LOC_STRINGS = YES;
				SWIFT_VERSION = 5.0;
				TARGETED_DEVICE_FAMILY = "1,2";
			};
			name = Debug;
		};
		7F3212AC2D21DE88008DDFF4 /* Release */ = {
			isa = XCBuildConfiguration;
			buildSettings = {
				ASSETCATALOG_COMPILER_APPICON_NAME = AppIcon;
				ASSETCATALOG_COMPILER_GLOBAL_ACCENT_COLOR_NAME = AccentColor;
				CODE_SIGN_STYLE = Automatic;
				CURRENT_PROJECT_VERSION = 1;
				DEVELOPMENT_ASSET_PATHS = "\"ChallengeOne/Preview Content\"";
				ENABLE_PREVIEWS = YES;
				GENERATE_INFOPLIST_FILE = YES;
				INFOPLIST_KEY_UIApplicationSceneManifest_Generation = YES;
				INFOPLIST_KEY_UIApplicationSupportsIndirectInputEvents = YES;
				INFOPLIST_KEY_UILaunchScreen_Generation = YES;
				INFOPLIST_KEY_UISupportedInterfaceOrientations_iPad = "UIInterfaceOrientationPortrait UIInterfaceOrientationPortraitUpsideDown UIInterfaceOrientationLandscapeLeft UIInterfaceOrientationLandscapeRight";
				INFOPLIST_KEY_UISupportedInterfaceOrientations_iPhone = "UIInterfaceOrientationPortrait UIInterfaceOrientationLandscapeLeft UIInterfaceOrientationLandscapeRight";
				LD_RUNPATH_SEARCH_PATHS = (
					"$(inherited)",
					"@executable_path/Frameworks",
				);
				MARKETING_VERSION = 1.0;
				PRODUCT_BUNDLE_IDENTIFIER = me.jeff.xie.ChallengeOne;
				PRODUCT_NAME = "$(TARGET_NAME)";
				SWIFT_EMIT_LOC_STRINGS = YES;
				SWIFT_VERSION = 5.0;
				TARGETED_DEVICE_FAMILY = "1,2";
			};
			name = Release;
		};
		7F3212AE2D21DE88008DDFF4 /* Debug */ = {
			isa = XCBuildConfiguration;
			buildSettings = {
				BUNDLE_LOADER = "$(TEST_HOST)";
				CODE_SIGN_STYLE = Automatic;
				CURRENT_PROJECT_VERSION = 1;
				GENERATE_INFOPLIST_FILE = YES;
				IPHONEOS_DEPLOYMENT_TARGET = 18.2;
				MARKETING_VERSION = 1.0;
				PRODUCT_BUNDLE_IDENTIFIER = me.jeff.xie.ChallengeOneTests;
				PRODUCT_NAME = "$(TARGET_NAME)";
				SWIFT_EMIT_LOC_STRINGS = NO;
				SWIFT_VERSION = 5.0;
				TARGETED_DEVICE_FAMILY = "1,2";
				TEST_HOST = "$(BUILT_PRODUCTS_DIR)/ChallengeOne.app/$(BUNDLE_EXECUTABLE_FOLDER_PATH)/ChallengeOne";
			};
			name = Debug;
		};
		7F3212AF2D21DE88008DDFF4 /* Release */ = {
			isa = XCBuildConfiguration;
			buildSettings = {
				BUNDLE_LOADER = "$(TEST_HOST)";
				CODE_SIGN_STYLE = Automatic;
				CURRENT_PROJECT_VERSION = 1;
				GENERATE_INFOPLIST_FILE = YES;
				IPHONEOS_DEPLOYMENT_TARGET = 18.2;
				MARKETING_VERSION = 1.0;
				PRODUCT_BUNDLE_IDENTIFIER = me.jeff.xie.ChallengeOneTests;
				PRODUCT_NAME = "$(TARGET_NAME)";
				SWIFT_EMIT_LOC_STRINGS = NO;
				SWIFT_VERSION = 5.0;
				TARGETED_DEVICE_FAMILY = "1,2";
				TEST_HOST = "$(BUILT_PRODUCTS_DIR)/ChallengeOne.app/$(BUNDLE_EXECUTABLE_FOLDER_PATH)/ChallengeOne";
			};
			name = Release;
		};
		7F3212B12D21DE88008DDFF4 /* Debug */ = {
			isa = XCBuildConfiguration;
			buildSettings = {
				CODE_SIGN_STYLE = Automatic;
				CURRENT_PROJECT_VERSION = 1;
				GENERATE_INFOPLIST_FILE = YES;
				MARKETING_VERSION = 1.0;
				PRODUCT_BUNDLE_IDENTIFIER = me.jeff.xie.ChallengeOneUITests;
				PRODUCT_NAME = "$(TARGET_NAME)";
				SWIFT_EMIT_LOC_STRINGS = NO;
				SWIFT_VERSION = 5.0;
				TARGETED_DEVICE_FAMILY = "1,2";
				TEST_TARGET_NAME = ChallengeOne;
			};
			name = Debug;
		};
		7F3212B22D21DE88008DDFF4 /* Release */ = {
			isa = XCBuildConfiguration;
			buildSettings = {
				CODE_SIGN_STYLE = Automatic;
				CURRENT_PROJECT_VERSION = 1;
				GENERATE_INFOPLIST_FILE = YES;
				MARKETING_VERSION = 1.0;
				PRODUCT_BUNDLE_IDENTIFIER = me.jeff.xie.ChallengeOneUITests;
				PRODUCT_NAME = "$(TARGET_NAME)";
				SWIFT_EMIT_LOC_STRINGS = NO;
				SWIFT_VERSION = 5.0;
				TARGETED_DEVICE_FAMILY = "1,2";
				TEST_TARGET_NAME = ChallengeOne;
			};
			name = Release;
		};
/* End XCBuildConfiguration section */

/* Begin XCConfigurationList section */
		7F3212812D21DE82008DDFF4 /* Build configuration list for PBXProject "ChallengeOne" */ = {
			isa = XCConfigurationList;
			buildConfigurations = (
				7F3212A82D21DE88008DDFF4 /* Debug */,
				7F3212A92D21DE88008DDFF4 /* Release */,
			);
			defaultConfigurationIsVisible = 0;
			defaultConfigurationName = Release;
		};
		7F3212AA2D21DE88008DDFF4 /* Build configuration list for PBXNativeTarget "ChallengeOne" */ = {
			isa = XCConfigurationList;
			buildConfigurations = (
				7F3212AB2D21DE88008DDFF4 /* Debug */,
				7F3212AC2D21DE88008DDFF4 /* Release */,
			);
			defaultConfigurationIsVisible = 0;
			defaultConfigurationName = Release;
		};
		7F3212AD2D21DE88008DDFF4 /* Build configuration list for PBXNativeTarget "ChallengeOneTests" */ = {
			isa = XCConfigurationList;
			buildConfigurations = (
				7F3212AE2D21DE88008DDFF4 /* Debug */,
				7F3212AF2D21DE88008DDFF4 /* Release */,
			);
			defaultConfigurationIsVisible = 0;
			defaultConfigurationName = Release;
		};
		7F3212B02D21DE88008DDFF4 /* Build configuration list for PBXNativeTarget "ChallengeOneUITests" */ = {
			isa = XCConfigurationList;
			buildConfigurations = (
				7F3212B12D21DE88008DDFF4 /* Debug */,
				7F3212B22D21DE88008DDFF4 /* Release */,
			);
			defaultConfigurationIsVisible = 0;
			defaultConfigurationName = Release;
		};
/* End XCConfigurationList section */
	};
	rootObject = 7F32127E2D21DE82008DDFF4 /* Project object */;
}
